
Microsoft Visual Studio Solution File, Format Version 12.00
# Visual Studio Version 17
VisualStudioVersion = 17.14.36414.22
MinimumVisualStudioVersion = 10.0.40219.1
Project("{FAE04EC0-301F-11D3-BF4B-00C04F79EFBC}") = "cc.isr.WinForms.ExceptionDialog", "dialog\winforms.dialog\cc.isr.WinForms.ExceptionDialog.csproj", "{AB9576C6-507D-888E-C520-63D780545185}"
EndProject
Project("{2150E333-8FDC-42A3-9474-1A3956D46DE8}") = "`build", "`build", "{02EA681E-C7D8-13C7-8484-4AC65E1B71E8}"
	ProjectSection(SolutionItems) = preProject
		directory.build.props = directory.build.props
		exclusion.dic = exclusion.dic
		global.json = global.json
	EndProjectSection
EndProject
Project("{2150E333-8FDC-42A3-9474-1A3956D46DE8}") = "`docs", "`docs", "{05B5D181-BCEB-44A9-8340-0F0765F6D8DC}"
	ProjectSection(SolutionItems) = preProject
		..\changelog.md = ..\changelog.md
		..\readme.md = ..\readme.md
		..\todo.md = ..\todo.md
	EndProjectSection
EndProject
Project("{FAE04EC0-301F-11D3-BF4B-00C04F79EFBC}") = "cc.isr.WinForms.ExceptionMessageBox", "message.box\winforms.message.box\cc.isr.WinForms.ExceptionMessageBox.csproj", "{087061ED-D4CA-D878-455B-AF34CFE4E0A6}"
EndProject
Project("{FAE04EC0-301F-11D3-BF4B-00C04F79EFBC}") = "cc.isr.WinForms.ExceptionMessageBox.MSTest", "message.box\winforms.message.box.mstest\cc.isr.WinForms.ExceptionMessageBox.MSTest.csproj", "{299EDC51-30AF-253E-670C-FB6B7ECEE2EE}"
EndProject
Project("{2150E333-8FDC-42A3-9474-1A3956D46DE8}") = "WinForms", "WinForms", "{04BB89C8-75FE-4BA8-A303-8407312ED0CD}"
EndProject
Global
	GlobalSection(SolutionConfigurationPlatforms) = preSolution
		Debug|Any CPU = Debug|Any CPU
		Release|Any CPU = Release|Any CPU
	EndGlobalSection
	GlobalSection(ProjectConfigurationPlatforms) = postSolution
		{AB9576C6-507D-888E-C520-63D780545185}.Debug|Any CPU.ActiveCfg = Debug|Any CPU
		{AB9576C6-507D-888E-C520-63D780545185}.Debug|Any CPU.Build.0 = Debug|Any CPU
		{AB9576C6-507D-888E-C520-63D780545185}.Release|Any CPU.ActiveCfg = Release|Any CPU
		{AB9576C6-507D-888E-C520-63D780545185}.Release|Any CPU.Build.0 = Release|Any CPU
		{087061ED-D4CA-D878-455B-AF34CFE4E0A6}.Debug|Any CPU.ActiveCfg = Debug|Any CPU
		{087061ED-D4CA-D878-455B-AF34CFE4E0A6}.Debug|Any CPU.Build.0 = Debug|Any CPU
		{087061ED-D4CA-D878-455B-AF34CFE4E0A6}.Release|Any CPU.ActiveCfg = Release|Any CPU
		{087061ED-D4CA-D878-455B-AF34CFE4E0A6}.Release|Any CPU.Build.0 = Release|Any CPU
		{299EDC51-30AF-253E-670C-FB6B7ECEE2EE}.Debug|Any CPU.ActiveCfg = Debug|Any CPU
		{299EDC51-30AF-253E-670C-FB6B7ECEE2EE}.Debug|Any CPU.Build.0 = Debug|Any CPU
		{299EDC51-30AF-253E-670C-FB6B7ECEE2EE}.Release|Any CPU.ActiveCfg = Release|Any CPU
		{299EDC51-30AF-253E-670C-FB6B7ECEE2EE}.Release|Any CPU.Build.0 = Release|Any CPU
	EndGlobalSection
	GlobalSection(SolutionProperties) = preSolution
		HideSolutionNode = FALSE
	EndGlobalSection
	GlobalSection(NestedProjects) = preSolution
		{AB9576C6-507D-888E-C520-63D780545185} = {04BB89C8-75FE-4BA8-A303-8407312ED0CD}
		{087061ED-D4CA-D878-455B-AF34CFE4E0A6} = {04BB89C8-75FE-4BA8-A303-8407312ED0CD}
		{299EDC51-30AF-253E-670C-FB6B7ECEE2EE} = {04BB89C8-75FE-4BA8-A303-8407312ED0CD}
	EndGlobalSection
	GlobalSection(ExtensibilityGlobals) = postSolution
		SolutionGuid = {CD4AEDCD-16DC-40BC-8A44-898D54652B33}
	EndGlobalSection
EndGlobal
